
Microsoft Visual Studio Solution File, Format Version 12.00
# Visual Studio 15
VisualStudioVersion = 15.0.28307.960
MinimumVisualStudioVersion = 10.0.40219.1
Project("{888888A0-9F3D-457C-B088-3A5042F75D52}") = "BondSpider", "BondSpider\BondSpider.pyproj", "{97A267EB-597C-44E6-B7DA-52857CD43844}"
EndProject
Global
	GlobalSection(SolutionConfigurationPlatforms) = preSolution
		Debug|Any CPU = Debug|Any CPU
		Release|Any CPU = Release|Any CPU
	EndGlobalSection
	GlobalSection(ProjectConfigurationPlatforms) = postSolution
		{97A267EB-597C-44E6-B7DA-52857CD43844}.Debug|Any CPU.ActiveCfg = Debug|Any CPU
		{97A267EB-597C-44E6-B7DA-52857CD43844}.Debug|Any CPU.Build.0 = Debug|Any CPU
		{97A267EB-597C-44E6-B7DA-52857CD43844}.Release|Any CPU.ActiveCfg = Release|Any CPU
		{97A267EB-597C-44E6-B7DA-52857CD43844}.Release|Any CPU.Build.0 = Release|Any CPU
	EndGlobalSection
	GlobalSection(SolutionProperties) = preSolution
		HideSolutionNode = FALSE
	EndGlobalSection
	GlobalSection(ExtensibilityGlobals) = postSolution
		SolutionGuid = {26367CB0-6FFB-4918-9BF8-EE2C081AE318}
	EndGlobalSection
EndGlobal
